
Microsoft Visual Studio Solution File, Format Version 12.00
# Visual Studio Version 17
VisualStudioVersion = 17.8.34525.116
MinimumVisualStudioVersion = 10.0.40219.1
Project("{FAE04EC0-301F-11D3-BF4B-00C04F79EFBC}") = "BMIproject", "BMIproject\BMIproject.csproj", "{450AD3C8-7BEE-467D-9867-78AF091BEB7E}"
EndProject
Global
	GlobalSection(SolutionConfigurationPlatforms) = preSolution
		Debug|Any CPU = Debug|Any CPU
		Release|Any CPU = Release|Any CPU
	EndGlobalSection
	GlobalSection(ProjectConfigurationPlatforms) = postSolution
		{450AD3C8-7BEE-467D-9867-78AF091BEB7E}.Debug|Any CPU.ActiveCfg = Debug|Any CPU
		{450AD3C8-7BEE-467D-9867-78AF091BEB7E}.Debug|Any CPU.Build.0 = Debug|Any CPU
		{450AD3C8-7BEE-467D-9867-78AF091BEB7E}.Release|Any CPU.ActiveCfg = Release|Any CPU
		{450AD3C8-7BEE-467D-9867-78AF091BEB7E}.Release|Any CPU.Build.0 = Release|Any CPU
	EndGlobalSection
	GlobalSection(SolutionProperties) = preSolution
		HideSolutionNode = FALSE
	EndGlobalSection
	GlobalSection(ExtensibilityGlobals) = postSolution
		SolutionGuid = {8B3C83C8-FB28-4975-BD7C-D70DE2902168}
	EndGlobalSection
EndGlobal
